// !$*UTF8*$!
{
	archiveVersion = 1;
	classes = {
	};
	objectVersion = 56;
	objects = {

/* Begin PBXBuildFile section */
		F4083A402BDE6D940003F2E6 /* Inter-Regular.ttf in Resources */ = {isa = PBXBuildFile; fileRef = F4083A3C2BDE6D930003F2E6 /* Inter-Regular.ttf */; };
		F4083A412BDE6D940003F2E6 /* Inter-Medium.ttf in Resources */ = {isa = PBXBuildFile; fileRef = F4083A3D2BDE6D940003F2E6 /* Inter-Medium.ttf */; };
		F4083A422BDE6D940003F2E6 /* Inter-Bold.ttf in Resources */ = {isa = PBXBuildFile; fileRef = F4083A3E2BDE6D940003F2E6 /* Inter-Bold.ttf */; };
		F4083A432BDE6D940003F2E6 /* Inter-SemiBold.ttf in Resources */ = {isa = PBXBuildFile; fileRef = F4083A3F2BDE6D940003F2E6 /* Inter-SemiBold.ttf */; };
		F4083A462BDE71520003F2E6 /* UIExtensions.swift in Sources */ = {isa = PBXBuildFile; fileRef = F4083A452BDE71520003F2E6 /* UIExtensions.swift */; };
		F46E71BD2BDD3B070047D55F /* LoginView.swift in Sources */ = {isa = PBXBuildFile; fileRef = F46E71BC2BDD3B070047D55F /* LoginView.swift */; };
		F46E71C02BDD9D520047D55F /* CategoryView.swift in Sources */ = {isa = PBXBuildFile; fileRef = F46E71BF2BDD9D520047D55F /* CategoryView.swift */; };
		F4DC7C4F2BDCE870002C9D9A /* redbullApp.swift in Sources */ = {isa = PBXBuildFile; fileRef = F4DC7C4E2BDCE870002C9D9A /* redbullApp.swift */; };
		F4DC7C512BDCE870002C9D9A /* ContentView.swift in Sources */ = {isa = PBXBuildFile; fileRef = F4DC7C502BDCE870002C9D9A /* ContentView.swift */; };
		F4DC7C532BDCE872002C9D9A /* Assets.xcassets in Resources */ = {isa = PBXBuildFile; fileRef = F4DC7C522BDCE872002C9D9A /* Assets.xcassets */; };
		F4DC7C562BDCE872002C9D9A /* Preview Assets.xcassets in Resources */ = {isa = PBXBuildFile; fileRef = F4DC7C552BDCE872002C9D9A /* Preview Assets.xcassets */; };
		F4DC7C5D2BDCFABB002C9D9A /* Launch Screen.storyboard in Resources */ = {isa = PBXBuildFile; fileRef = F4DC7C5C2BDCFABB002C9D9A /* Launch Screen.storyboard */; };
		F4DC7C602BDD0319002C9D9A /* FirebaseAnalytics in Frameworks */ = {isa = PBXBuildFile; productRef = F4DC7C5F2BDD0319002C9D9A /* FirebaseAnalytics */; };
		F4DC7C622BDD0319002C9D9A /* FirebaseAnalyticsOnDeviceConversion in Frameworks */ = {isa = PBXBuildFile; productRef = F4DC7C612BDD0319002C9D9A /* FirebaseAnalyticsOnDeviceConversion */; };
		F4DC7C642BDD0319002C9D9A /* FirebaseAnalyticsSwift in Frameworks */ = {isa = PBXBuildFile; productRef = F4DC7C632BDD0319002C9D9A /* FirebaseAnalyticsSwift */; };
		F4DC7C662BDD0319002C9D9A /* FirebaseAnalyticsWithoutAdIdSupport in Frameworks */ = {isa = PBXBuildFile; productRef = F4DC7C652BDD0319002C9D9A /* FirebaseAnalyticsWithoutAdIdSupport */; };
		F4DC7C682BDD0319002C9D9A /* FirebaseAppCheck in Frameworks */ = {isa = PBXBuildFile; productRef = F4DC7C672BDD0319002C9D9A /* FirebaseAppCheck */; };
		F4DC7C742BDD081A002C9D9A /* SignUpView.swift in Sources */ = {isa = PBXBuildFile; fileRef = F4DC7C732BDD0819002C9D9A /* SignUpView.swift */; };
		F4DC7C762BDD089C002C9D9A /* GoogleService-Info.plist in Resources */ = {isa = PBXBuildFile; fileRef = F4DC7C752BDD089B002C9D9A /* GoogleService-Info.plist */; };
		F4DC7C782BDD09DC002C9D9A /* ProfileView.swift in Sources */ = {isa = PBXBuildFile; fileRef = F4DC7C772BDD09DC002C9D9A /* ProfileView.swift */; };
		F4DC7C7A2BDD0A47002C9D9A /* HomeScreenView.swift in Sources */ = {isa = PBXBuildFile; fileRef = F4DC7C792BDD0A47002C9D9A /* HomeScreenView.swift */; };
		F4DC7C7C2BDD0C6E002C9D9A /* ExploreView.swift in Sources */ = {isa = PBXBuildFile; fileRef = F4DC7C7B2BDD0C6E002C9D9A /* ExploreView.swift */; };
		F4DC7C7E2BDD0D08002C9D9A /* Users.swift in Sources */ = {isa = PBXBuildFile; fileRef = F4DC7C7D2BDD0D08002C9D9A /* Users.swift */; };
		F4DC7C802BDD0D84002C9D9A /* ContentViewViewModels.swift in Sources */ = {isa = PBXBuildFile; fileRef = F4DC7C7F2BDD0D84002C9D9A /* ContentViewViewModels.swift */; };
		F4DC7C822BDD0E16002C9D9A /* LoginViewViewModels.swift in Sources */ = {isa = PBXBuildFile; fileRef = F4DC7C812BDD0E16002C9D9A /* LoginViewViewModels.swift */; };
		F4DC7C842BDD0E3C002C9D9A /* SiginViewViewModels.swift in Sources */ = {isa = PBXBuildFile; fileRef = F4DC7C832BDD0E3C002C9D9A /* SiginViewViewModels.swift */; };
		F4DC7C862BDD0E66002C9D9A /* HomeScreenViewModels.swift in Sources */ = {isa = PBXBuildFile; fileRef = F4DC7C852BDD0E66002C9D9A /* HomeScreenViewModels.swift */; };
		F4DC7C8A2BDD0FAE002C9D9A /* ProfileViewViewModels.swift in Sources */ = {isa = PBXBuildFile; fileRef = F4DC7C892BDD0FAE002C9D9A /* ProfileViewViewModels.swift */; };
/* End PBXBuildFile section */

/* Begin PBXFileReference section */
		F4083A3C2BDE6D930003F2E6 /* Inter-Regular.ttf */ = {isa = PBXFileReference; lastKnownFileType = file; path = "Inter-Regular.ttf"; sourceTree = "<group>"; };
		F4083A3D2BDE6D940003F2E6 /* Inter-Medium.ttf */ = {isa = PBXFileReference; lastKnownFileType = file; path = "Inter-Medium.ttf"; sourceTree = "<group>"; };
		F4083A3E2BDE6D940003F2E6 /* Inter-Bold.ttf */ = {isa = PBXFileReference; lastKnownFileType = file; path = "Inter-Bold.ttf"; sourceTree = "<group>"; };
		F4083A3F2BDE6D940003F2E6 /* Inter-SemiBold.ttf */ = {isa = PBXFileReference; lastKnownFileType = file; path = "Inter-SemiBold.ttf"; sourceTree = "<group>"; };
		F4083A452BDE71520003F2E6 /* UIExtensions.swift */ = {isa = PBXFileReference; lastKnownFileType = sourcecode.swift; path = UIExtensions.swift; sourceTree = "<group>"; };
		F46E71BC2BDD3B070047D55F /* LoginView.swift */ = {isa = PBXFileReference; lastKnownFileType = sourcecode.swift; path = LoginView.swift; sourceTree = "<group>"; };
		F46E71BF2BDD9D520047D55F /* CategoryView.swift */ = {isa = PBXFileReference; lastKnownFileType = sourcecode.swift; path = CategoryView.swift; sourceTree = "<group>"; };
		F4DC7C4B2BDCE870002C9D9A /* redbull.app */ = {isa = PBXFileReference; explicitFileType = wrapper.application; includeInIndex = 0; path = redbull.app; sourceTree = BUILT_PRODUCTS_DIR; };
		F4DC7C4E2BDCE870002C9D9A /* redbullApp.swift */ = {isa = PBXFileReference; lastKnownFileType = sourcecode.swift; path = redbullApp.swift; sourceTree = "<group>"; };
		F4DC7C502BDCE870002C9D9A /* ContentView.swift */ = {isa = PBXFileReference; lastKnownFileType = sourcecode.swift; path = ContentView.swift; sourceTree = "<group>"; };
		F4DC7C522BDCE872002C9D9A /* Assets.xcassets */ = {isa = PBXFileReference; lastKnownFileType = folder.assetcatalog; path = Assets.xcassets; sourceTree = "<group>"; };
		F4DC7C552BDCE872002C9D9A /* Preview Assets.xcassets */ = {isa = PBXFileReference; lastKnownFileType = folder.assetcatalog; path = "Preview Assets.xcassets"; sourceTree = "<group>"; };
		F4DC7C5C2BDCFABB002C9D9A /* Launch Screen.storyboard */ = {isa = PBXFileReference; lastKnownFileType = file.storyboard; path = "Launch Screen.storyboard"; sourceTree = "<group>"; };
		F4DC7C732BDD0819002C9D9A /* SignUpView.swift */ = {isa = PBXFileReference; lastKnownFileType = sourcecode.swift; path = SignUpView.swift; sourceTree = "<group>"; };
		F4DC7C752BDD089B002C9D9A /* GoogleService-Info.plist */ = {isa = PBXFileReference; fileEncoding = 4; lastKnownFileType = text.plist.xml; name = "GoogleService-Info.plist"; path = "../../../../../.Trash/GoogleService-Info.plist"; sourceTree = "<group>"; };
		F4DC7C772BDD09DC002C9D9A /* ProfileView.swift */ = {isa = PBXFileReference; lastKnownFileType = sourcecode.swift; path = ProfileView.swift; sourceTree = "<group>"; };
		F4DC7C792BDD0A47002C9D9A /* HomeScreenView.swift */ = {isa = PBXFileReference; lastKnownFileType = sourcecode.swift; path = HomeScreenView.swift; sourceTree = "<group>"; };
		F4DC7C7B2BDD0C6E002C9D9A /* ExploreView.swift */ = {isa = PBXFileReference; lastKnownFileType = sourcecode.swift; path = ExploreView.swift; sourceTree = "<group>"; };
		F4DC7C7D2BDD0D08002C9D9A /* Users.swift */ = {isa = PBXFileReference; lastKnownFileType = sourcecode.swift; path = Users.swift; sourceTree = "<group>"; };
		F4DC7C7F2BDD0D84002C9D9A /* ContentViewViewModels.swift */ = {isa = PBXFileReference; lastKnownFileType = sourcecode.swift; path = ContentViewViewModels.swift; sourceTree = "<group>"; };
		F4DC7C812BDD0E16002C9D9A /* LoginViewViewModels.swift */ = {isa = PBXFileReference; lastKnownFileType = sourcecode.swift; path = LoginViewViewModels.swift; sourceTree = "<group>"; };
		F4DC7C832BDD0E3C002C9D9A /* SiginViewViewModels.swift */ = {isa = PBXFileReference; lastKnownFileType = sourcecode.swift; path = SiginViewViewModels.swift; sourceTree = "<group>"; };
		F4DC7C852BDD0E66002C9D9A /* HomeScreenViewModels.swift */ = {isa = PBXFileReference; lastKnownFileType = sourcecode.swift; path = HomeScreenViewModels.swift; sourceTree = "<group>"; };
		F4DC7C892BDD0FAE002C9D9A /* ProfileViewViewModels.swift */ = {isa = PBXFileReference; lastKnownFileType = sourcecode.swift; path = ProfileViewViewModels.swift; sourceTree = "<group>"; };
		F4DC7C8B2BDD1C6E002C9D9A /* Info.plist */ = {isa = PBXFileReference; lastKnownFileType = text.plist; path = Info.plist; sourceTree = "<group>"; };
/* End PBXFileReference section */

/* Begin PBXFrameworksBuildPhase section */
		F4DC7C482BDCE870002C9D9A /* Frameworks */ = {
			isa = PBXFrameworksBuildPhase;
			buildActionMask = 2147483647;
			files = (
				F4DC7C642BDD0319002C9D9A /* FirebaseAnalyticsSwift in Frameworks */,
				F4DC7C602BDD0319002C9D9A /* FirebaseAnalytics in Frameworks */,
				F4DC7C622BDD0319002C9D9A /* FirebaseAnalyticsOnDeviceConversion in Frameworks */,
				F4DC7C682BDD0319002C9D9A /* FirebaseAppCheck in Frameworks */,
				F4DC7C662BDD0319002C9D9A /* FirebaseAnalyticsWithoutAdIdSupport in Frameworks */,
			);
			runOnlyForDeploymentPostprocessing = 0;
		};
/* End PBXFrameworksBuildPhase section */

/* Begin PBXGroup section */
		F4083A3B2BDE6D620003F2E6 /* fonts */ = {
			isa = PBXGroup;
			children = (
				F4083A3E2BDE6D940003F2E6 /* Inter-Bold.ttf */,
				F4083A3D2BDE6D940003F2E6 /* Inter-Medium.ttf */,
				F4083A3C2BDE6D930003F2E6 /* Inter-Regular.ttf */,
				F4083A3F2BDE6D940003F2E6 /* Inter-SemiBold.ttf */,
			);
			path = fonts;
			sourceTree = "<group>";
		};
		F4083A442BDE711F0003F2E6 /* UICommon */ = {
			isa = PBXGroup;
			children = (
				F4083A452BDE71520003F2E6 /* UIExtensions.swift */,
			);
			path = UICommon;
			sourceTree = "<group>";
		};
		F46E71BE2BDD44580047D55F /* log in */ = {
			isa = PBXGroup;
			children = (
			);
			path = "log in";
			sourceTree = "<group>";
		};
		F4DC7C422BDCE870002C9D9A = {
			isa = PBXGroup;
			children = (
				F4083A442BDE711F0003F2E6 /* UICommon */,
				F4083A3B2BDE6D620003F2E6 /* fonts */,
				F4DC7C4D2BDCE870002C9D9A /* redbull */,
				F4DC7C4C2BDCE870002C9D9A /* Products */,
			);
			sourceTree = "<group>";
		};
		F4DC7C4C2BDCE870002C9D9A /* Products */ = {
			isa = PBXGroup;
			children = (
				F4DC7C4B2BDCE870002C9D9A /* redbull.app */,
			);
			name = Products;
			sourceTree = "<group>";
		};
		F4DC7C4D2BDCE870002C9D9A /* redbull */ = {
			isa = PBXGroup;
			children = (
				F4DC7C8B2BDD1C6E002C9D9A /* Info.plist */,
				F4DC7C6E2BDD067F002C9D9A /* Views */,
				F4DC7C6D2BDD0667002C9D9A /* ViewModels */,
				F4DC7C6C2BDD065E002C9D9A /* Models */,
				F4DC7C6B2BDD0656002C9D9A /* Other */,
				F4DC7C542BDCE872002C9D9A /* Preview Content */,
				F4DC7C5C2BDCFABB002C9D9A /* Launch Screen.storyboard */,
			);
			path = redbull;
			sourceTree = "<group>";
		};
		F4DC7C542BDCE872002C9D9A /* Preview Content */ = {
			isa = PBXGroup;
			children = (
				F4DC7C552BDCE872002C9D9A /* Preview Assets.xcassets */,
			);
			path = "Preview Content";
			sourceTree = "<group>";
		};
		F4DC7C6B2BDD0656002C9D9A /* Other */ = {
			isa = PBXGroup;
			children = (
				F4DC7C752BDD089B002C9D9A /* GoogleService-Info.plist */,
				F4DC7C522BDCE872002C9D9A /* Assets.xcassets */,
				F4DC7C4E2BDCE870002C9D9A /* redbullApp.swift */,
			);
			path = Other;
			sourceTree = "<group>";
		};
		F4DC7C6C2BDD065E002C9D9A /* Models */ = {
			isa = PBXGroup;
			children = (
				F4DC7C7D2BDD0D08002C9D9A /* Users.swift */,
			);
			path = Models;
			sourceTree = "<group>";
		};
		F4DC7C6D2BDD0667002C9D9A /* ViewModels */ = {
			isa = PBXGroup;
			children = (
				F4DC7C7F2BDD0D84002C9D9A /* ContentViewViewModels.swift */,
				F4DC7C812BDD0E16002C9D9A /* LoginViewViewModels.swift */,
				F4DC7C832BDD0E3C002C9D9A /* SiginViewViewModels.swift */,
				F4DC7C852BDD0E66002C9D9A /* HomeScreenViewModels.swift */,
				F4DC7C892BDD0FAE002C9D9A /* ProfileViewViewModels.swift */,
			);
			path = ViewModels;
			sourceTree = "<group>";
		};
		F4DC7C6E2BDD067F002C9D9A /* Views */ = {
			isa = PBXGroup;
			children = (
				F46E71BE2BDD44580047D55F /* log in */,
				F4DC7C502BDCE870002C9D9A /* ContentView.swift */,
				F46E71BC2BDD3B070047D55F /* LoginView.swift */,
				F4DC7C732BDD0819002C9D9A /* SignUpView.swift */,
				F46E71BF2BDD9D520047D55F /* CategoryView.swift */,
				F4DC7C772BDD09DC002C9D9A /* ProfileView.swift */,
				F4DC7C792BDD0A47002C9D9A /* HomeScreenView.swift */,
				F4DC7C7B2BDD0C6E002C9D9A /* ExploreView.swift */,
			);
			path = Views;
			sourceTree = "<group>";
		};
/* End PBXGroup section */

/* Begin PBXNativeTarget section */
		F4DC7C4A2BDCE870002C9D9A /* redbull */ = {
			isa = PBXNativeTarget;
			buildConfigurationList = F4DC7C592BDCE872002C9D9A /* Build configuration list for PBXNativeTarget "redbull" */;
			buildPhases = (
				F4DC7C472BDCE870002C9D9A /* Sources */,
				F4DC7C482BDCE870002C9D9A /* Frameworks */,
				F4DC7C492BDCE870002C9D9A /* Resources */,
			);
			buildRules = (
			);
			dependencies = (
			);
			name = redbull;
			packageProductDependencies = (
				F4DC7C5F2BDD0319002C9D9A /* FirebaseAnalytics */,
				F4DC7C612BDD0319002C9D9A /* FirebaseAnalyticsOnDeviceConversion */,
				F4DC7C632BDD0319002C9D9A /* FirebaseAnalyticsSwift */,
				F4DC7C652BDD0319002C9D9A /* FirebaseAnalyticsWithoutAdIdSupport */,
				F4DC7C672BDD0319002C9D9A /* FirebaseAppCheck */,
			);
			productName = redbull;
			productReference = F4DC7C4B2BDCE870002C9D9A /* redbull.app */;
			productType = "com.apple.product-type.application";
		};
/* End PBXNativeTarget section */

/* Begin PBXProject section */
		F4DC7C432BDCE870002C9D9A /* Project object */ = {
			isa = PBXProject;
			attributes = {
				BuildIndependentTargetsInParallel = 1;
				LastSwiftUpdateCheck = 1510;
				LastUpgradeCheck = 1510;
				TargetAttributes = {
					F4DC7C4A2BDCE870002C9D9A = {
						CreatedOnToolsVersion = 15.1;
					};
				};
			};
			buildConfigurationList = F4DC7C462BDCE870002C9D9A /* Build configuration list for PBXProject "redbull" */;
			compatibilityVersion = "Xcode 14.0";
			developmentRegion = en;
			hasScannedForEncodings = 0;
			knownRegions = (
				en,
				Base,
			);
			mainGroup = F4DC7C422BDCE870002C9D9A;
			packageReferences = (
				F4DC7C5E2BDD0319002C9D9A /* XCRemoteSwiftPackageReference "firebase-ios-sdk" */,
			);
			productRefGroup = F4DC7C4C2BDCE870002C9D9A /* Products */;
			projectDirPath = "";
			projectRoot = "";
			targets = (
				F4DC7C4A2BDCE870002C9D9A /* redbull */,
			);
		};
/* End PBXProject section */

/* Begin PBXResourcesBuildPhase section */
		F4DC7C492BDCE870002C9D9A /* Resources */ = {
			isa = PBXResourcesBuildPhase;
			buildActionMask = 2147483647;
			files = (
				F4DC7C5D2BDCFABB002C9D9A /* Launch Screen.storyboard in Resources */,
				F4083A402BDE6D940003F2E6 /* Inter-Regular.ttf in Resources */,
				F4083A412BDE6D940003F2E6 /* Inter-Medium.ttf in Resources */,
				F4083A422BDE6D940003F2E6 /* Inter-Bold.ttf in Resources */,
				F4083A432BDE6D940003F2E6 /* Inter-SemiBold.ttf in Resources */,
				F4DC7C762BDD089C002C9D9A /* GoogleService-Info.plist in Resources */,
				F4DC7C562BDCE872002C9D9A /* Preview Assets.xcassets in Resources */,
				F4DC7C532BDCE872002C9D9A /* Assets.xcassets in Resources */,
			);
			runOnlyForDeploymentPostprocessing = 0;
		};
/* End PBXResourcesBuildPhase section */

/* Begin PBXSourcesBuildPhase section */
		F4DC7C472BDCE870002C9D9A /* Sources */ = {
			isa = PBXSourcesBuildPhase;
			buildActionMask = 2147483647;
			files = (
				F4DC7C7E2BDD0D08002C9D9A /* Users.swift in Sources */,
				F4DC7C822BDD0E16002C9D9A /* LoginViewViewModels.swift in Sources */,
				F46E71C02BDD9D520047D55F /* CategoryView.swift in Sources */,
				F4DC7C7C2BDD0C6E002C9D9A /* ExploreView.swift in Sources */,
				F46E71BD2BDD3B070047D55F /* LoginView.swift in Sources */,
				F4DC7C512BDCE870002C9D9A /* ContentView.swift in Sources */,
				F4DC7C862BDD0E66002C9D9A /* HomeScreenViewModels.swift in Sources */,
				F4DC7C802BDD0D84002C9D9A /* ContentViewViewModels.swift in Sources */,
				F4DC7C782BDD09DC002C9D9A /* ProfileView.swift in Sources */,
				F4DC7C842BDD0E3C002C9D9A /* SiginViewViewModels.swift in Sources */,
				F4DC7C7A2BDD0A47002C9D9A /* HomeScreenView.swift in Sources */,
				F4083A462BDE71520003F2E6 /* UIExtensions.swift in Sources */,
				F4DC7C4F2BDCE870002C9D9A /* redbullApp.swift in Sources */,
				F4DC7C742BDD081A002C9D9A /* SignUpView.swift in Sources */,
				F4DC7C8A2BDD0FAE002C9D9A /* ProfileViewViewModels.swift in Sources */,
			);
			runOnlyForDeploymentPostprocessing = 0;
		};
/* End PBXSourcesBuildPhase section */

/* Begin XCBuildConfiguration section */
		F4DC7C572BDCE872002C9D9A /* Debug */ = {
			isa = XCBuildConfiguration;
			buildSettings = {
				ALWAYS_SEARCH_USER_PATHS = NO;
				ASSETCATALOG_COMPILER_GENERATE_SWIFT_ASSET_SYMBOL_EXTENSIONS = YES;
				CLANG_ANALYZER_NONNULL = YES;
				CLANG_ANALYZER_NUMBER_OBJECT_CONVERSION = YES_AGGRESSIVE;
				CLANG_CXX_LANGUAGE_STANDARD = "gnu++20";
				CLANG_ENABLE_MODULES = YES;
				CLANG_ENABLE_OBJC_ARC = YES;
				CLANG_ENABLE_OBJC_WEAK = YES;
				CLANG_WARN_BLOCK_CAPTURE_AUTORELEASING = YES;
				CLANG_WARN_BOOL_CONVERSION = YES;
				CLANG_WARN_COMMA = YES;
				CLANG_WARN_CONSTANT_CONVERSION = YES;
				CLANG_WARN_DEPRECATED_OBJC_IMPLEMENTATIONS = YES;
				CLANG_WARN_DIRECT_OBJC_ISA_USAGE = YES_ERROR;
				CLANG_WARN_DOCUMENTATION_COMMENTS = YES;
				CLANG_WARN_EMPTY_BODY = YES;
				CLANG_WARN_ENUM_CONVERSION = YES;
				CLANG_WARN_INFINITE_RECURSION = YES;
				CLANG_WARN_INT_CONVERSION = YES;
				CLANG_WARN_NON_LITERAL_NULL_CONVERSION = YES;
				CLANG_WARN_OBJC_IMPLICIT_RETAIN_SELF = YES;
				CLANG_WARN_OBJC_LITERAL_CONVERSION = YES;
				CLANG_WARN_OBJC_ROOT_CLASS = YES_ERROR;
				CLANG_WARN_QUOTED_INCLUDE_IN_FRAMEWORK_HEADER = YES;
				CLANG_WARN_RANGE_LOOP_ANALYSIS = YES;
				CLANG_WARN_STRICT_PROTOTYPES = YES;
				CLANG_WARN_SUSPICIOUS_MOVE = YES;
				CLANG_WARN_UNGUARDED_AVAILABILITY = YES_AGGRESSIVE;
				CLANG_WARN_UNREACHABLE_CODE = YES;
				CLANG_WARN__DUPLICATE_METHOD_MATCH = YES;
				COPY_PHASE_STRIP = NO;
				DEBUG_INFORMATION_FORMAT = dwarf;
				ENABLE_STRICT_OBJC_MSGSEND = YES;
				ENABLE_TESTABILITY = YES;
				ENABLE_USER_SCRIPT_SANDBOXING = YES;
				GCC_C_LANGUAGE_STANDARD = gnu17;
				GCC_DYNAMIC_NO_PIC = NO;
				GCC_NO_COMMON_BLOCKS = YES;
				GCC_OPTIMIZATION_LEVEL = 0;
				GCC_PREPROCESSOR_DEFINITIONS = (
					"DEBUG=1",
					"$(inherited)",
				);
				GCC_WARN_64_TO_32_BIT_CONVERSION = YES;
				GCC_WARN_ABOUT_RETURN_TYPE = YES_ERROR;
				GCC_WARN_UNDECLARED_SELECTOR = YES;
				GCC_WARN_UNINITIALIZED_AUTOS = YES_AGGRESSIVE;
				GCC_WARN_UNUSED_FUNCTION = YES;
				GCC_WARN_UNUSED_VARIABLE = YES;
				IPHONEOS_DEPLOYMENT_TARGET = 17.2;
				LOCALIZATION_PREFERS_STRING_CATALOGS = YES;
				MTL_ENABLE_DEBUG_INFO = INCLUDE_SOURCE;
				MTL_FAST_MATH = YES;
				ONLY_ACTIVE_ARCH = YES;
				SDKROOT = iphoneos;
				SWIFT_ACTIVE_COMPILATION_CONDITIONS = "DEBUG $(inherited)";
				SWIFT_OPTIMIZATION_LEVEL = "-Onone";
			};
			name = Debug;
		};
		F4DC7C582BDCE872002C9D9A /* Release */ = {
			isa = XCBuildConfiguration;
			buildSettings = {
				ALWAYS_SEARCH_USER_PATHS = NO;
				ASSETCATALOG_COMPILER_GENERATE_SWIFT_ASSET_SYMBOL_EXTENSIONS = YES;
				CLANG_ANALYZER_NONNULL = YES;
				CLANG_ANALYZER_NUMBER_OBJECT_CONVERSION = YES_AGGRESSIVE;
				CLANG_CXX_LANGUAGE_STANDARD = "gnu++20";
				CLANG_ENABLE_MODULES = YES;
				CLANG_ENABLE_OBJC_ARC = YES;
				CLANG_ENABLE_OBJC_WEAK = YES;
				CLANG_WARN_BLOCK_CAPTURE_AUTORELEASING = YES;
				CLANG_WARN_BOOL_CONVERSION = YES;
				CLANG_WARN_COMMA = YES;
				CLANG_WARN_CONSTANT_CONVERSION = YES;
				CLANG_WARN_DEPRECATED_OBJC_IMPLEMENTATIONS = YES;
				CLANG_WARN_DIRECT_OBJC_ISA_USAGE = YES_ERROR;
				CLANG_WARN_DOCUMENTATION_COMMENTS = YES;
				CLANG_WARN_EMPTY_BODY = YES;
				CLANG_WARN_ENUM_CONVERSION = YES;
				CLANG_WARN_INFINITE_RECURSION = YES;
				CLANG_WARN_INT_CONVERSION = YES;
				CLANG_WARN_NON_LITERAL_NULL_CONVERSION = YES;
				CLANG_WARN_OBJC_IMPLICIT_RETAIN_SELF = YES;
				CLANG_WARN_OBJC_LITERAL_CONVERSION = YES;
				CLANG_WARN_OBJC_ROOT_CLASS = YES_ERROR;
				CLANG_WARN_QUOTED_INCLUDE_IN_FRAMEWORK_HEADER = YES;
				CLANG_WARN_RANGE_LOOP_ANALYSIS = YES;
				CLANG_WARN_STRICT_PROTOTYPES = YES;
				CLANG_WARN_SUSPICIOUS_MOVE = YES;
				CLANG_WARN_UNGUARDED_AVAILABILITY = YES_AGGRESSIVE;
				CLANG_WARN_UNREACHABLE_CODE = YES;
				CLANG_WARN__DUPLICATE_METHOD_MATCH = YES;
				COPY_PHASE_STRIP = NO;
				DEBUG_INFORMATION_FORMAT = "dwarf-with-dsym";
				ENABLE_NS_ASSERTIONS = NO;
				ENABLE_STRICT_OBJC_MSGSEND = YES;
				ENABLE_USER_SCRIPT_SANDBOXING = YES;
				GCC_C_LANGUAGE_STANDARD = gnu17;
				GCC_NO_COMMON_BLOCKS = YES;
				GCC_WARN_64_TO_32_BIT_CONVERSION = YES;
				GCC_WARN_ABOUT_RETURN_TYPE = YES_ERROR;
				GCC_WARN_UNDECLARED_SELECTOR = YES;
				GCC_WARN_UNINITIALIZED_AUTOS = YES_AGGRESSIVE;
				GCC_WARN_UNUSED_FUNCTION = YES;
				GCC_WARN_UNUSED_VARIABLE = YES;
				IPHONEOS_DEPLOYMENT_TARGET = 17.2;
				LOCALIZATION_PREFERS_STRING_CATALOGS = YES;
				MTL_ENABLE_DEBUG_INFO = NO;
				MTL_FAST_MATH = YES;
				SDKROOT = iphoneos;
				SWIFT_COMPILATION_MODE = wholemodule;
				VALIDATE_PRODUCT = YES;
			};
			name = Release;
		};
		F4DC7C5A2BDCE872002C9D9A /* Debug */ = {
			isa = XCBuildConfiguration;
			buildSettings = {
				ASSETCATALOG_COMPILER_APPICON_NAME = AppIcon;
				ASSETCATALOG_COMPILER_GLOBAL_ACCENT_COLOR_NAME = AccentColor;
				CODE_SIGN_STYLE = Automatic;
				CURRENT_PROJECT_VERSION = 1;
				DEVELOPMENT_ASSET_PATHS = "\"redbull/Preview Content\"";
				DEVELOPMENT_TEAM = Z784QV64MR;
				ENABLE_PREVIEWS = YES;
				GENERATE_INFOPLIST_FILE = YES;
				INFOPLIST_FILE = redbull/Info.plist;
				INFOPLIST_KEY_CFBundleDisplayName = "";
				INFOPLIST_KEY_LSApplicationCategoryType = "";
				INFOPLIST_KEY_UIApplicationSceneManifest_Generation = YES;
				INFOPLIST_KEY_UIApplicationSupportsIndirectInputEvents = YES;
				INFOPLIST_KEY_UILaunchScreen_Generation = YES;
				INFOPLIST_KEY_UILaunchStoryboardName = "Launch Screen.storyboard";
				INFOPLIST_KEY_UISupportedInterfaceOrientations = "UIInterfaceOrientationLandscapeLeft UIInterfaceOrientationLandscapeRight UIInterfaceOrientationPortrait";
				INFOPLIST_KEY_UISupportedInterfaceOrientations_iPad = UIInterfaceOrientationPortrait;
				IPHONEOS_DEPLOYMENT_TARGET = 15.0;
				LD_RUNPATH_SEARCH_PATHS = (
					"$(inherited)",
					"@executable_path/Frameworks",
				);
				MARKETING_VERSION = 1.0;
				PRODUCT_BUNDLE_IDENTIFIER = co.hilalyu.redbull;
				PRODUCT_NAME = "$(TARGET_NAME)";
				SUPPORTED_PLATFORMS = "iphoneos iphonesimulator";
				SUPPORTS_MACCATALYST = NO;
				SUPPORTS_MAC_DESIGNED_FOR_IPHONE_IPAD = NO;
				SWIFT_EMIT_LOC_STRINGS = YES;
				SWIFT_VERSION = 5.0;
				TARGETED_DEVICE_FAMILY = 1;
			};
			name = Debug;
		};
		F4DC7C5B2BDCE872002C9D9A /* Release */ = {
			isa = XCBuildConfiguration;
			buildSettings = {
				ASSETCATALOG_COMPILER_APPICON_NAME = AppIcon;
				ASSETCATALOG_COMPILER_GLOBAL_ACCENT_COLOR_NAME = AccentColor;
				CODE_SIGN_STYLE = Automatic;
				CURRENT_PROJECT_VERSION = 1;
				DEVELOPMENT_ASSET_PATHS = "\"redbull/Preview Content\"";
				DEVELOPMENT_TEAM = Z784QV64MR;
				ENABLE_PREVIEWS = YES;
				GENERATE_INFOPLIST_FILE = YES;
				INFOPLIST_FILE = redbull/Info.plist;
				INFOPLIST_KEY_CFBundleDisplayName = "";
				INFOPLIST_KEY_LSApplicationCategoryType = "";
				INFOPLIST_KEY_UIApplicationSceneManifest_Generation = YES;
				INFOPLIST_KEY_UIApplicationSupportsIndirectInputEvents = YES;
				INFOPLIST_KEY_UILaunchScreen_Generation = YES;
				INFOPLIST_KEY_UILaunchStoryboardName = "Launch Screen.storyboard";
				INFOPLIST_KEY_UISupportedInterfaceOrientations = "UIInterfaceOrientationLandscapeLeft UIInterfaceOrientationLandscapeRight UIInterfaceOrientationPortrait";
				INFOPLIST_KEY_UISupportedInterfaceOrientations_iPad = UIInterfaceOrientationPortrait;
				IPHONEOS_DEPLOYMENT_TARGET = 15.0;
				LD_RUNPATH_SEARCH_PATHS = (
					"$(inherited)",
					"@executable_path/Frameworks",
				);
				MARKETING_VERSION = 1.0;
				PRODUCT_BUNDLE_IDENTIFIER = co.hilalyu.redbull;
				PRODUCT_NAME = "$(TARGET_NAME)";
				SUPPORTED_PLATFORMS = "iphoneos iphonesimulator";
				SUPPORTS_MACCATALYST = NO;
				SUPPORTS_MAC_DESIGNED_FOR_IPHONE_IPAD = NO;
				SWIFT_EMIT_LOC_STRINGS = YES;
				SWIFT_VERSION = 5.0;
				TARGETED_DEVICE_FAMILY = 1;
			};
			name = Release;
		};
/* End XCBuildConfiguration section */

/* Begin XCConfigurationList section */
		F4DC7C462BDCE870002C9D9A /* Build configuration list for PBXProject "redbull" */ = {
			isa = XCConfigurationList;
			buildConfigurations = (
				F4DC7C572BDCE872002C9D9A /* Debug */,
				F4DC7C582BDCE872002C9D9A /* Release */,
			);
			defaultConfigurationIsVisible = 0;
			defaultConfigurationName = Release;
		};
		F4DC7C592BDCE872002C9D9A /* Build configuration list for PBXNativeTarget "redbull" */ = {
			isa = XCConfigurationList;
			buildConfigurations = (
				F4DC7C5A2BDCE872002C9D9A /* Debug */,
				F4DC7C5B2BDCE872002C9D9A /* Release */,
			);
			defaultConfigurationIsVisible = 0;
			defaultConfigurationName = Release;
		};
/* End XCConfigurationList section */

/* Begin XCRemoteSwiftPackageReference section */
		F4DC7C5E2BDD0319002C9D9A /* XCRemoteSwiftPackageReference "firebase-ios-sdk" */ = {
			isa = XCRemoteSwiftPackageReference;
			repositoryURL = "https://github.com/firebase/firebase-ios-sdk";
			requirement = {
				kind = upToNextMajorVersion;
				minimumVersion = 10.24.0;
			};
		};
/* End XCRemoteSwiftPackageReference section */

/* Begin XCSwiftPackageProductDependency section */
		F4DC7C5F2BDD0319002C9D9A /* FirebaseAnalytics */ = {
			isa = XCSwiftPackageProductDependency;
			package = F4DC7C5E2BDD0319002C9D9A /* XCRemoteSwiftPackageReference "firebase-ios-sdk" */;
			productName = FirebaseAnalytics;
		};
		F4DC7C612BDD0319002C9D9A /* FirebaseAnalyticsOnDeviceConversion */ = {
			isa = XCSwiftPackageProductDependency;
			package = F4DC7C5E2BDD0319002C9D9A /* XCRemoteSwiftPackageReference "firebase-ios-sdk" */;
			productName = FirebaseAnalyticsOnDeviceConversion;
		};
		F4DC7C632BDD0319002C9D9A /* FirebaseAnalyticsSwift */ = {
			isa = XCSwiftPackageProductDependency;
			package = F4DC7C5E2BDD0319002C9D9A /* XCRemoteSwiftPackageReference "firebase-ios-sdk" */;
			productName = FirebaseAnalyticsSwift;
		};
		F4DC7C652BDD0319002C9D9A /* FirebaseAnalyticsWithoutAdIdSupport */ = {
			isa = XCSwiftPackageProductDependency;
			package = F4DC7C5E2BDD0319002C9D9A /* XCRemoteSwiftPackageReference "firebase-ios-sdk" */;
			productName = FirebaseAnalyticsWithoutAdIdSupport;
		};
		F4DC7C672BDD0319002C9D9A /* FirebaseAppCheck */ = {
			isa = XCSwiftPackageProductDependency;
			package = F4DC7C5E2BDD0319002C9D9A /* XCRemoteSwiftPackageReference "firebase-ios-sdk" */;
			productName = FirebaseAppCheck;
		};
/* End XCSwiftPackageProductDependency section */
	};
	rootObject = F4DC7C432BDCE870002C9D9A /* Project object */;
}
